
Microsoft Visual Studio Solution File, Format Version 12.00
# Visual Studio Version 16
VisualStudioVersion = 16.0.29509.3
MinimumVisualStudioVersion = 10.0.40219.1
Project("{FAE04EC0-301F-11D3-BF4B-00C04F79EFBC}") = "calendar", "calendar.csproj", "{12CCF641-10F8-461B-8DDB-243D527FD075}"
EndProject
Global
	GlobalSection(SolutionConfigurationPlatforms) = preSolution
		Debug|Any CPU = Debug|Any CPU
		Release|Any CPU = Release|Any CPU
	EndGlobalSection
	GlobalSection(ProjectConfigurationPlatforms) = postSolution
		{12CCF641-10F8-461B-8DDB-243D527FD075}.Debug|Any CPU.ActiveCfg = Debug|Any CPU
		{12CCF641-10F8-461B-8DDB-243D527FD075}.Debug|Any CPU.Build.0 = Debug|Any CPU
		{12CCF641-10F8-461B-8DDB-243D527FD075}.Release|Any CPU.ActiveCfg = Release|Any CPU
		{12CCF641-10F8-461B-8DDB-243D527FD075}.Release|Any CPU.Build.0 = Release|Any CPU
	EndGlobalSection
	GlobalSection(SolutionProperties) = preSolution
		HideSolutionNode = FALSE
	EndGlobalSection
	GlobalSection(ExtensibilityGlobals) = postSolution
		SolutionGuid = {7EF90729-5A0A-49EF-90DB-FF2C5C406D8F}
	EndGlobalSection
EndGlobal
